// !$*UTF8*$!
{
	archiveVersion = 1;
	classes = {
	};
	objectVersion = 50;
	objects = {

/* Begin PBXBuildFile section */
		7531C562260B264500CDBCB9 /* AppDelegate.m in Sources */ = {isa = PBXBuildFile; fileRef = 7531C561260B264500CDBCB9 /* AppDelegate.m */; };
		7531C565260B264500CDBCB9 /* SceneDelegate.m in Sources */ = {isa = PBXBuildFile; fileRef = 7531C564260B264500CDBCB9 /* SceneDelegate.m */; };
		7531C568260B264500CDBCB9 /* ViewController.m in Sources */ = {isa = PBXBuildFile; fileRef = 7531C567260B264500CDBCB9 /* ViewController.m */; };
		7531C56B260B264500CDBCB9 /* Main.storyboard in Resources */ = {isa = PBXBuildFile; fileRef = 7531C569260B264500CDBCB9 /* Main.storyboard */; };
		7531C56D260B264600CDBCB9 /* Assets.xcassets in Resources */ = {isa = PBXBuildFile; fileRef = 7531C56C260B264600CDBCB9 /* Assets.xcassets */; };
		7531C570260B264600CDBCB9 /* LaunchScreen.storyboard in Resources */ = {isa = PBXBuildFile; fileRef = 7531C56E260B264600CDBCB9 /* LaunchScreen.storyboard */; };
		7531C573260B264600CDBCB9 /* main.m in Sources */ = {isa = PBXBuildFile; fileRef = 7531C572260B264600CDBCB9 /* main.m */; };
		7531C5E62615655500CDBCB9 /* SXOperation.m in Sources */ = {isa = PBXBuildFile; fileRef = 7531C5E52615655500CDBCB9 /* SXOperation.m */; };
/* End PBXBuildFile section */

/* Begin PBXFileReference section */
		7531C55D260B264500CDBCB9 /* ios-interview-train-demo.app */ = {isa = PBXFileReference; explicitFileType = wrapper.application; includeInIndex = 0; path = "ios-interview-train-demo.app"; sourceTree = BUILT_PRODUCTS_DIR; };
		7531C560260B264500CDBCB9 /* AppDelegate.h */ = {isa = PBXFileReference; lastKnownFileType = sourcecode.c.h; path = AppDelegate.h; sourceTree = "<group>"; };
		7531C561260B264500CDBCB9 /* AppDelegate.m */ = {isa = PBXFileReference; lastKnownFileType = sourcecode.c.objc; path = AppDelegate.m; sourceTree = "<group>"; };
		7531C563260B264500CDBCB9 /* SceneDelegate.h */ = {isa = PBXFileReference; lastKnownFileType = sourcecode.c.h; path = SceneDelegate.h; sourceTree = "<group>"; };
		7531C564260B264500CDBCB9 /* SceneDelegate.m */ = {isa = PBXFileReference; lastKnownFileType = sourcecode.c.objc; path = SceneDelegate.m; sourceTree = "<group>"; };
		7531C566260B264500CDBCB9 /* ViewController.h */ = {isa = PBXFileReference; lastKnownFileType = sourcecode.c.h; path = ViewController.h; sourceTree = "<group>"; };
		7531C567260B264500CDBCB9 /* ViewController.m */ = {isa = PBXFileReference; lastKnownFileType = sourcecode.c.objc; path = ViewController.m; sourceTree = "<group>"; };
		7531C56A260B264500CDBCB9 /* Base */ = {isa = PBXFileReference; lastKnownFileType = file.storyboard; name = Base; path = Base.lproj/Main.storyboard; sourceTree = "<group>"; };
		7531C56C260B264600CDBCB9 /* Assets.xcassets */ = {isa = PBXFileReference; lastKnownFileType = folder.assetcatalog; path = Assets.xcassets; sourceTree = "<group>"; };
		7531C56F260B264600CDBCB9 /* Base */ = {isa = PBXFileReference; lastKnownFileType = file.storyboard; name = Base; path = Base.lproj/LaunchScreen.storyboard; sourceTree = "<group>"; };
		7531C571260B264600CDBCB9 /* Info.plist */ = {isa = PBXFileReference; lastKnownFileType = text.plist.xml; path = Info.plist; sourceTree = "<group>"; };
		7531C572260B264600CDBCB9 /* main.m */ = {isa = PBXFileReference; lastKnownFileType = sourcecode.c.objc; path = main.m; sourceTree = "<group>"; };
		7531C5E42615655500CDBCB9 /* SXOperation.h */ = {isa = PBXFileReference; lastKnownFileType = sourcecode.c.h; path = SXOperation.h; sourceTree = "<group>"; };
		7531C5E52615655500CDBCB9 /* SXOperation.m */ = {isa = PBXFileReference; lastKnownFileType = sourcecode.c.objc; path = SXOperation.m; sourceTree = "<group>"; };
/* End PBXFileReference section */

/* Begin PBXFrameworksBuildPhase section */
		7531C55A260B264500CDBCB9 /* Frameworks */ = {
			isa = PBXFrameworksBuildPhase;
			buildActionMask = 2147483647;
			files = (
			);
			runOnlyForDeploymentPostprocessing = 0;
		};
/* End PBXFrameworksBuildPhase section */

/* Begin PBXGroup section */
		7531C554260B264500CDBCB9 = {
			isa = PBXGroup;
			children = (
				7531C55F260B264500CDBCB9 /* ios-interview-train-demo */,
				7531C55E260B264500CDBCB9 /* Products */,
			);
			sourceTree = "<group>";
		};
		7531C55E260B264500CDBCB9 /* Products */ = {
			isa = PBXGroup;
			children = (
				7531C55D260B264500CDBCB9 /* ios-interview-train-demo.app */,
			);
			name = Products;
			sourceTree = "<group>";
		};
		7531C55F260B264500CDBCB9 /* ios-interview-train-demo */ = {
			isa = PBXGroup;
			children = (
				7531C560260B264500CDBCB9 /* AppDelegate.h */,
				7531C561260B264500CDBCB9 /* AppDelegate.m */,
				7531C563260B264500CDBCB9 /* SceneDelegate.h */,
				7531C564260B264500CDBCB9 /* SceneDelegate.m */,
				7531C566260B264500CDBCB9 /* ViewController.h */,
				7531C567260B264500CDBCB9 /* ViewController.m */,
				7531C5E42615655500CDBCB9 /* SXOperation.h */,
				7531C5E52615655500CDBCB9 /* SXOperation.m */,
				7531C569260B264500CDBCB9 /* Main.storyboard */,
				7531C56C260B264600CDBCB9 /* Assets.xcassets */,
				7531C56E260B264600CDBCB9 /* LaunchScreen.storyboard */,
				7531C571260B264600CDBCB9 /* Info.plist */,
				7531C572260B264600CDBCB9 /* main.m */,
			);
			path = "ios-interview-train-demo";
			sourceTree = "<group>";
		};
/* End PBXGroup section */

/* Begin PBXNativeTarget section */
		7531C55C260B264500CDBCB9 /* ios-interview-train-demo */ = {
			isa = PBXNativeTarget;
			buildConfigurationList = 7531C576260B264600CDBCB9 /* Build configuration list for PBXNativeTarget "ios-interview-train-demo" */;
			buildPhases = (
				7531C559260B264500CDBCB9 /* Sources */,
				7531C55A260B264500CDBCB9 /* Frameworks */,
				7531C55B260B264500CDBCB9 /* Resources */,
			);
			buildRules = (
			);
			dependencies = (
			);
			name = "ios-interview-train-demo";
			productName = "ios-interview-train-demo";
			productReference = 7531C55D260B264500CDBCB9 /* ios-interview-train-demo.app */;
			productType = "com.apple.product-type.application";
		};
/* End PBXNativeTarget section */

/* Begin PBXProject section */
		7531C555260B264500CDBCB9 /* Project object */ = {
			isa = PBXProject;
			attributes = {
				LastUpgradeCheck = 1240;
				TargetAttributes = {
					7531C55C260B264500CDBCB9 = {
						CreatedOnToolsVersion = 12.4;
					};
				};
			};
			buildConfigurationList = 7531C558260B264500CDBCB9 /* Build configuration list for PBXProject "ios-interview-train-demo" */;
			compatibilityVersion = "Xcode 9.3";
			developmentRegion = en;
			hasScannedForEncodings = 0;
			knownRegions = (
				en,
				Base,
			);
			mainGroup = 7531C554260B264500CDBCB9;
			productRefGroup = 7531C55E260B264500CDBCB9 /* Products */;
			projectDirPath = "";
			projectRoot = "";
			targets = (
				7531C55C260B264500CDBCB9 /* ios-interview-train-demo */,
			);
		};
/* End PBXProject section */

/* Begin PBXResourcesBuildPhase section */
		7531C55B260B264500CDBCB9 /* Resources */ = {
			isa = PBXResourcesBuildPhase;
			buildActionMask = 2147483647;
			files = (
				7531C570260B264600CDBCB9 /* LaunchScreen.storyboard in Resources */,
				7531C56D260B264600CDBCB9 /* Assets.xcassets in Resources */,
				7531C56B260B264500CDBCB9 /* Main.storyboard in Resources */,
			);
			runOnlyForDeploymentPostprocessing = 0;
		};
/* End PBXResourcesBuildPhase section */

/* Begin PBXSourcesBuildPhase section */
		7531C559260B264500CDBCB9 /* Sources */ = {
			isa = PBXSourcesBuildPhase;
			buildActionMask = 2147483647;
			files = (
				7531C568260B264500CDBCB9 /* ViewController.m in Sources */,
				7531C562260B264500CDBCB9 /* AppDelegate.m in Sources */,
				7531C573260B264600CDBCB9 /* main.m in Sources */,
				7531C565260B264500CDBCB9 /* SceneDelegate.m in Sources */,
				7531C5E62615655500CDBCB9 /* SXOperation.m in Sources */,
			);
			runOnlyForDeploymentPostprocessing = 0;
		};
/* End PBXSourcesBuildPhase section */

/* Begin PBXVariantGroup section */
		7531C569260B264500CDBCB9 /* Main.storyboard */ = {
			isa = PBXVariantGroup;
			children = (
				7531C56A260B264500CDBCB9 /* Base */,
			);
			name = Main.storyboard;
			sourceTree = "<group>";
		};
		7531C56E260B264600CDBCB9 /* LaunchScreen.storyboard */ = {
			isa = PBXVariantGroup;
			children = (
				7531C56F260B264600CDBCB9 /* Base */,
			);
			name = LaunchScreen.storyboard;
			sourceTree = "<group>";
		};
/* End PBXVariantGroup section */

/* Begin XCBuildConfiguration section */
		7531C574260B264600CDBCB9 /* Debug */ = {
			isa = XCBuildConfiguration;
			buildSettings = {
				ALWAYS_SEARCH_USER_PATHS = NO;
				CLANG_ANALYZER_NONNULL = YES;
				CLANG_ANALYZER_NUMBER_OBJECT_CONVERSION = YES_AGGRESSIVE;
				CLANG_CXX_LANGUAGE_STANDARD = "gnu++14";
				CLANG_CXX_LIBRARY = "libc++";
				CLANG_ENABLE_MODULES = YES;
				CLANG_ENABLE_OBJC_ARC = YES;
				CLANG_ENABLE_OBJC_WEAK = YES;
				CLANG_WARN_BLOCK_CAPTURE_AUTORELEASING = YES;
				CLANG_WARN_BOOL_CONVERSION = YES;
				CLANG_WARN_COMMA = YES;
				CLANG_WARN_CONSTANT_CONVERSION = YES;
				CLANG_WARN_DEPRECATED_OBJC_IMPLEMENTATIONS = YES;
				CLANG_WARN_DIRECT_OBJC_ISA_USAGE = YES_ERROR;
				CLANG_WARN_DOCUMENTATION_COMMENTS = YES;
				CLANG_WARN_EMPTY_BODY = YES;
				CLANG_WARN_ENUM_CONVERSION = YES;
				CLANG_WARN_INFINITE_RECURSION = YES;
				CLANG_WARN_INT_CONVERSION = YES;
				CLANG_WARN_NON_LITERAL_NULL_CONVERSION = YES;
				CLANG_WARN_OBJC_IMPLICIT_RETAIN_SELF = YES;
				CLANG_WARN_OBJC_LITERAL_CONVERSION = YES;
				CLANG_WARN_OBJC_ROOT_CLASS = YES_ERROR;
				CLANG_WARN_QUOTED_INCLUDE_IN_FRAMEWORK_HEADER = YES;
				CLANG_WARN_RANGE_LOOP_ANALYSIS = YES;
				CLANG_WARN_STRICT_PROTOTYPES = YES;
				CLANG_WARN_SUSPICIOUS_MOVE = YES;
				CLANG_WARN_UNGUARDED_AVAILABILITY = YES_AGGRESSIVE;
				CLANG_WARN_UNREACHABLE_CODE = YES;
				CLANG_WARN__DUPLICATE_METHOD_MATCH = YES;
				COPY_PHASE_STRIP = NO;
				DEBUG_INFORMATION_FORMAT = dwarf;
				ENABLE_STRICT_OBJC_MSGSEND = YES;
				ENABLE_TESTABILITY = YES;
				GCC_C_LANGUAGE_STANDARD = gnu11;
				GCC_DYNAMIC_NO_PIC = NO;
				GCC_NO_COMMON_BLOCKS = YES;
				GCC_OPTIMIZATION_LEVEL = 0;
				GCC_PREPROCESSOR_DEFINITIONS = (
					"DEBUG=1",
					"$(inherited)",
				);
				GCC_WARN_64_TO_32_BIT_CONVERSION = YES;
				GCC_WARN_ABOUT_RETURN_TYPE = YES_ERROR;
				GCC_WARN_UNDECLARED_SELECTOR = YES;
				GCC_WARN_UNINITIALIZED_AUTOS = YES_AGGRESSIVE;
				GCC_WARN_UNUSED_FUNCTION = YES;
				GCC_WARN_UNUSED_VARIABLE = YES;
				IPHONEOS_DEPLOYMENT_TARGET = 14.4;
				MTL_ENABLE_DEBUG_INFO = INCLUDE_SOURCE;
				MTL_FAST_MATH = YES;
				ONLY_ACTIVE_ARCH = YES;
				SDKROOT = iphoneos;
			};
			name = Debug;
		};
		7531C575260B264600CDBCB9 /* Release */ = {
			isa = XCBuildConfiguration;
			buildSettings = {
				ALWAYS_SEARCH_USER_PATHS = NO;
				CLANG_ANALYZER_NONNULL = YES;
				CLANG_ANALYZER_NUMBER_OBJECT_CONVERSION = YES_AGGRESSIVE;
				CLANG_CXX_LANGUAGE_STANDARD = "gnu++14";
				CLANG_CXX_LIBRARY = "libc++";
				CLANG_ENABLE_MODULES = YES;
				CLANG_ENABLE_OBJC_ARC = YES;
				CLANG_ENABLE_OBJC_WEAK = YES;
				CLANG_WARN_BLOCK_CAPTURE_AUTORELEASING = YES;
				CLANG_WARN_BOOL_CONVERSION = YES;
				CLANG_WARN_COMMA = YES;
				CLANG_WARN_CONSTANT_CONVERSION = YES;
				CLANG_WARN_DEPRECATED_OBJC_IMPLEMENTATIONS = YES;
				CLANG_WARN_DIRECT_OBJC_ISA_USAGE = YES_ERROR;
				CLANG_WARN_DOCUMENTATION_COMMENTS = YES;
				CLANG_WARN_EMPTY_BODY = YES;
				CLANG_WARN_ENUM_CONVERSION = YES;
				CLANG_WARN_INFINITE_RECURSION = YES;
				CLANG_WARN_INT_CONVERSION = YES;
				CLANG_WARN_NON_LITERAL_NULL_CONVERSION = YES;
				CLANG_WARN_OBJC_IMPLICIT_RETAIN_SELF = YES;
				CLANG_WARN_OBJC_LITERAL_CONVERSION = YES;
				CLANG_WARN_OBJC_ROOT_CLASS = YES_ERROR;
				CLANG_WARN_QUOTED_INCLUDE_IN_FRAMEWORK_HEADER = YES;
				CLANG_WARN_RANGE_LOOP_ANALYSIS = YES;
				CLANG_WARN_STRICT_PROTOTYPES = YES;
				CLANG_WARN_SUSPICIOUS_MOVE = YES;
				CLANG_WARN_UNGUARDED_AVAILABILITY = YES_AGGRESSIVE;
				CLANG_WARN_UNREACHABLE_CODE = YES;
				CLANG_WARN__DUPLICATE_METHOD_MATCH = YES;
				COPY_PHASE_STRIP = NO;
				DEBUG_INFORMATION_FORMAT = "dwarf-with-dsym";
				ENABLE_NS_ASSERTIONS = NO;
				ENABLE_STRICT_OBJC_MSGSEND = YES;
				GCC_C_LANGUAGE_STANDARD = gnu11;
				GCC_NO_COMMON_BLOCKS = YES;
				GCC_WARN_64_TO_32_BIT_CONVERSION = YES;
				GCC_WARN_ABOUT_RETURN_TYPE = YES_ERROR;
				GCC_WARN_UNDECLARED_SELECTOR = YES;
				GCC_WARN_UNINITIALIZED_AUTOS = YES_AGGRESSIVE;
				GCC_WARN_UNUSED_FUNCTION = YES;
				GCC_WARN_UNUSED_VARIABLE = YES;
				IPHONEOS_DEPLOYMENT_TARGET = 14.4;
				MTL_ENABLE_DEBUG_INFO = NO;
				MTL_FAST_MATH = YES;
				SDKROOT = iphoneos;
				VALIDATE_PRODUCT = YES;
			};
			name = Release;
		};
		7531C577260B264600CDBCB9 /* Debug */ = {
			isa = XCBuildConfiguration;
			buildSettings = {
				ASSETCATALOG_COMPILER_APPICON_NAME = AppIcon;
				ASSETCATALOG_COMPILER_GLOBAL_ACCENT_COLOR_NAME = AccentColor;
				CODE_SIGN_STYLE = Automatic;
				DEVELOPMENT_TEAM = DGBSGFF8KE;
				INFOPLIST_FILE = "ios-interview-train-demo/Info.plist";
				LD_RUNPATH_SEARCH_PATHS = (
					"$(inherited)",
					"@executable_path/Frameworks",
				);
				PRODUCT_BUNDLE_IDENTIFIER = "com.blueearth.ios-interview-train-demo";
				PRODUCT_NAME = "$(TARGET_NAME)";
				TARGETED_DEVICE_FAMILY = "1,2";
			};
			name = Debug;
		};
		7531C578260B264600CDBCB9 /* Release */ = {
			isa = XCBuildConfiguration;
			buildSettings = {
				ASSETCATALOG_COMPILER_APPICON_NAME = AppIcon;
				ASSETCATALOG_COMPILER_GLOBAL_ACCENT_COLOR_NAME = AccentColor;
				CODE_SIGN_STYLE = Automatic;
				DEVELOPMENT_TEAM = DGBSGFF8KE;
				INFOPLIST_FILE = "ios-interview-train-demo/Info.plist";
				LD_RUNPATH_SEARCH_PATHS = (
					"$(inherited)",
					"@executable_path/Frameworks",
				);
				PRODUCT_BUNDLE_IDENTIFIER = "com.blueearth.ios-interview-train-demo";
				PRODUCT_NAME = "$(TARGET_NAME)";
				TARGETED_DEVICE_FAMILY = "1,2";
			};
			name = Release;
		};
/* End XCBuildConfiguration section */

/* Begin XCConfigurationList section */
		7531C558260B264500CDBCB9 /* Build configuration list for PBXProject "ios-interview-train-demo" */ = {
			isa = XCConfigurationList;
			buildConfigurations = (
				7531C574260B264600CDBCB9 /* Debug */,
				7531C575260B264600CDBCB9 /* Release */,
			);
			defaultConfigurationIsVisible = 0;
			defaultConfigurationName = Release;
		};
		7531C576260B264600CDBCB9 /* Build configuration list for PBXNativeTarget "ios-interview-train-demo" */ = {
			isa = XCConfigurationList;
			buildConfigurations = (
				7531C577260B264600CDBCB9 /* Debug */,
				7531C578260B264600CDBCB9 /* Release */,
			);
			defaultConfigurationIsVisible = 0;
			defaultConfigurationName = Release;
		};
/* End XCConfigurationList section */
	};
	rootObject = 7531C555260B264500CDBCB9 /* Project object */;
}
